
Microsoft Visual Studio Solution File, Format Version 12.00
# Visual Studio 15
VisualStudioVersion = 15.0.28307.1022
MinimumVisualStudioVersion = 10.0.40219.1
Project("{8BC9CEB8-8B4A-11D0-8D11-00A0C91BC942}") = "exercise4", "exercise4\exercise4.vcxproj", "{31E5D619-DDAE-4CE8-B227-B9DE11C84336}"
EndProject
Global
	GlobalSection(SolutionConfigurationPlatforms) = preSolution
		Debug|x64 = Debug|x64
		Debug|x86 = Debug|x86
		Release|x64 = Release|x64
		Release|x86 = Release|x86
	EndGlobalSection
	GlobalSection(ProjectConfigurationPlatforms) = postSolution
		{31E5D619-DDAE-4CE8-B227-B9DE11C84336}.Debug|x64.ActiveCfg = Debug|x64
		{31E5D619-DDAE-4CE8-B227-B9DE11C84336}.Debug|x64.Build.0 = Debug|x64
		{31E5D619-DDAE-4CE8-B227-B9DE11C84336}.Debug|x86.ActiveCfg = Debug|Win32
		{31E5D619-DDAE-4CE8-B227-B9DE11C84336}.Debug|x86.Build.0 = Debug|Win32
		{31E5D619-DDAE-4CE8-B227-B9DE11C84336}.Release|x64.ActiveCfg = Release|x64
		{31E5D619-DDAE-4CE8-B227-B9DE11C84336}.Release|x64.Build.0 = Release|x64
		{31E5D619-DDAE-4CE8-B227-B9DE11C84336}.Release|x86.ActiveCfg = Release|Win32
		{31E5D619-DDAE-4CE8-B227-B9DE11C84336}.Release|x86.Build.0 = Release|Win32
	EndGlobalSection
	GlobalSection(SolutionProperties) = preSolution
		HideSolutionNode = FALSE
	EndGlobalSection
	GlobalSection(ExtensibilityGlobals) = postSolution
		SolutionGuid = {34B4A709-73D7-4DD2-945D-5117A0EB1AD6}
	EndGlobalSection
EndGlobal
